// !$*UTF8*$!
{
	archiveVersion = 1;
	classes = {
	};
	objectVersion = 46;
	objects = {

/* Begin PBXBuildFile section */
		5974B08D1CDBD7370001B797 /* main.cpp in Sources */ = {isa = PBXBuildFile; fileRef = 5974B08C1CDBD7370001B797 /* main.cpp */; };
/* End PBXBuildFile section */

/* Begin PBXCopyFilesBuildPhase section */
		5974B0871CDBD7370001B797 /* CopyFiles */ = {
			isa = PBXCopyFilesBuildPhase;
			buildActionMask = 2147483647;
			dstPath = /usr/share/man/man1/;
			dstSubfolderSpec = 0;
			files = (
			);
			runOnlyForDeploymentPostprocessing = 1;
		};
/* End PBXCopyFilesBuildPhase section */

/* Begin PBXFileReference section */
		5974B0891CDBD7370001B797 /* SensorCases */ = {isa = PBXFileReference; explicitFileType = "compiled.mach-o.executable"; includeInIndex = 0; path = SensorCases; sourceTree = BUILT_PRODUCTS_DIR; };
		5974B08C1CDBD7370001B797 /* main.cpp */ = {isa = PBXFileReference; lastKnownFileType = sourcecode.cpp.cpp; path = main.cpp; sourceTree = "<group>"; };
		5974B0981CDBD9310001B797 /* Definitions.h */ = {isa = PBXFileReference; lastKnownFileType = sourcecode.c.h; path = Definitions.h; sourceTree = "<group>"; };
		5974B09A1CDBDF940001B797 /* Line.h */ = {isa = PBXFileReference; fileEncoding = 4; lastKnownFileType = sourcecode.c.h; path = Line.h; sourceTree = "<group>"; };
/* End PBXFileReference section */

/* Begin PBXFrameworksBuildPhase section */
		5974B0861CDBD7370001B797 /* Frameworks */ = {
			isa = PBXFrameworksBuildPhase;
			buildActionMask = 2147483647;
			files = (
			);
			runOnlyForDeploymentPostprocessing = 0;
		};
/* End PBXFrameworksBuildPhase section */

/* Begin PBXGroup section */
		5974B0801CDBD7370001B797 = {
			isa = PBXGroup;
			children = (
				5974B08B1CDBD7370001B797 /* SensorCases */,
				5974B08A1CDBD7370001B797 /* Products */,
			);
			sourceTree = "<group>";
		};
		5974B08A1CDBD7370001B797 /* Products */ = {
			isa = PBXGroup;
			children = (
				5974B0891CDBD7370001B797 /* SensorCases */,
			);
			name = Products;
			sourceTree = "<group>";
		};
		5974B08B1CDBD7370001B797 /* SensorCases */ = {
			isa = PBXGroup;
			children = (
				5974B08C1CDBD7370001B797 /* main.cpp */,
				5974B0981CDBD9310001B797 /* Definitions.h */,
				5974B09A1CDBDF940001B797 /* Line.h */,
			);
			path = SensorCases;
			sourceTree = "<group>";
		};
/* End PBXGroup section */

/* Begin PBXNativeTarget section */
		5974B0881CDBD7370001B797 /* SensorCases */ = {
			isa = PBXNativeTarget;
			buildConfigurationList = 5974B0901CDBD7370001B797 /* Build configuration list for PBXNativeTarget "SensorCases" */;
			buildPhases = (
				5974B0851CDBD7370001B797 /* Sources */,
				5974B0861CDBD7370001B797 /* Frameworks */,
				5974B0871CDBD7370001B797 /* CopyFiles */,
			);
			buildRules = (
			);
			dependencies = (
			);
			name = SensorCases;
			productName = SensorCases;
			productReference = 5974B0891CDBD7370001B797 /* SensorCases */;
			productType = "com.apple.product-type.tool";
		};
/* End PBXNativeTarget section */

/* Begin PBXProject section */
		5974B0811CDBD7370001B797 /* Project object */ = {
			isa = PBXProject;
			attributes = {
				LastUpgradeCheck = 0720;
				ORGANIZATIONNAME = skobbler;
				TargetAttributes = {
					5974B0881CDBD7370001B797 = {
						CreatedOnToolsVersion = 7.2;
					};
				};
			};
			buildConfigurationList = 5974B0841CDBD7370001B797 /* Build configuration list for PBXProject "SensorCases" */;
			compatibilityVersion = "Xcode 3.2";
			developmentRegion = English;
			hasScannedForEncodings = 0;
			knownRegions = (
				en,
			);
			mainGroup = 5974B0801CDBD7370001B797;
			productRefGroup = 5974B08A1CDBD7370001B797 /* Products */;
			projectDirPath = "";
			projectRoot = "";
			targets = (
				5974B0881CDBD7370001B797 /* SensorCases */,
			);
		};
/* End PBXProject section */

/* Begin PBXSourcesBuildPhase section */
		5974B0851CDBD7370001B797 /* Sources */ = {
			isa = PBXSourcesBuildPhase;
			buildActionMask = 2147483647;
			files = (
				5974B08D1CDBD7370001B797 /* main.cpp in Sources */,
			);
			runOnlyForDeploymentPostprocessing = 0;
		};
/* End PBXSourcesBuildPhase section */

/* Begin XCBuildConfiguration section */
		5974B08E1CDBD7370001B797 /* Debug */ = {
			isa = XCBuildConfiguration;
			buildSettings = {
				ALWAYS_SEARCH_USER_PATHS = NO;
				CLANG_CXX_LANGUAGE_STANDARD = "gnu++0x";
				CLANG_CXX_LIBRARY = "libc++";
				CLANG_ENABLE_MODULES = YES;
				CLANG_ENABLE_OBJC_ARC = YES;
				CLANG_WARN_BOOL_CONVERSION = YES;
				CLANG_WARN_CONSTANT_CONVERSION = YES;
				CLANG_WARN_DIRECT_OBJC_ISA_USAGE = YES_ERROR;
				CLANG_WARN_EMPTY_BODY = YES;
				CLANG_WARN_ENUM_CONVERSION = YES;
				CLANG_WARN_INT_CONVERSION = YES;
				CLANG_WARN_OBJC_ROOT_CLASS = YES_ERROR;
				CLANG_WARN_UNREACHABLE_CODE = YES;
				CLANG_WARN__DUPLICATE_METHOD_MATCH = YES;
				CODE_SIGN_IDENTITY = "-";
				COPY_PHASE_STRIP = NO;
				DEBUG_INFORMATION_FORMAT = dwarf;
				ENABLE_STRICT_OBJC_MSGSEND = YES;
				ENABLE_TESTABILITY = YES;
				GCC_C_LANGUAGE_STANDARD = gnu99;
				GCC_DYNAMIC_NO_PIC = NO;
				GCC_NO_COMMON_BLOCKS = YES;
				GCC_OPTIMIZATION_LEVEL = 0;
				GCC_PREPROCESSOR_DEFINITIONS = (
					"DEBUG=1",
					"$(inherited)",
				);
				GCC_WARN_64_TO_32_BIT_CONVERSION = YES;
				GCC_WARN_ABOUT_RETURN_TYPE = YES_ERROR;
				GCC_WARN_UNDECLARED_SELECTOR = YES;
				GCC_WARN_UNINITIALIZED_AUTOS = YES_AGGRESSIVE;
				GCC_WARN_UNUSED_FUNCTION = YES;
				GCC_WARN_UNUSED_VARIABLE = YES;
				MACOSX_DEPLOYMENT_TARGET = 10.11;
				MTL_ENABLE_DEBUG_INFO = YES;
				ONLY_ACTIVE_ARCH = YES;
				SDKROOT = macosx;
			};
			name = Debug;
		};
		5974B08F1CDBD7370001B797 /* Release */ = {
			isa = XCBuildConfiguration;
			buildSettings = {
				ALWAYS_SEARCH_USER_PATHS = NO;
				CLANG_CXX_LANGUAGE_STANDARD = "gnu++0x";
				CLANG_CXX_LIBRARY = "libc++";
				CLANG_ENABLE_MODULES = YES;
				CLANG_ENABLE_OBJC_ARC = YES;
				CLANG_WARN_BOOL_CONVERSION = YES;
				CLANG_WARN_CONSTANT_CONVERSION = YES;
				CLANG_WARN_DIRECT_OBJC_ISA_USAGE = YES_ERROR;
				CLANG_WARN_EMPTY_BODY = YES;
				CLANG_WARN_ENUM_CONVERSION = YES;
				CLANG_WARN_INT_CONVERSION = YES;
				CLANG_WARN_OBJC_ROOT_CLASS = YES_ERROR;
				CLANG_WARN_UNREACHABLE_CODE = YES;
				CLANG_WARN__DUPLICATE_METHOD_MATCH = YES;
				CODE_SIGN_IDENTITY = "-";
				COPY_PHASE_STRIP = NO;
				DEBUG_INFORMATION_FORMAT = "dwarf-with-dsym";
				ENABLE_NS_ASSERTIONS = NO;
				ENABLE_STRICT_OBJC_MSGSEND = YES;
				GCC_C_LANGUAGE_STANDARD = gnu99;
				GCC_NO_COMMON_BLOCKS = YES;
				GCC_WARN_64_TO_32_BIT_CONVERSION = YES;
				GCC_WARN_ABOUT_RETURN_TYPE = YES_ERROR;
				GCC_WARN_UNDECLARED_SELECTOR = YES;
				GCC_WARN_UNINITIALIZED_AUTOS = YES_AGGRESSIVE;
				GCC_WARN_UNUSED_FUNCTION = YES;
				GCC_WARN_UNUSED_VARIABLE = YES;
				MACOSX_DEPLOYMENT_TARGET = 10.11;
				MTL_ENABLE_DEBUG_INFO = NO;
				SDKROOT = macosx;
			};
			name = Release;
		};
		5974B0911CDBD7370001B797 /* Debug */ = {
			isa = XCBuildConfiguration;
			buildSettings = {
				PRODUCT_NAME = "$(TARGET_NAME)";
			};
			name = Debug;
		};
		5974B0921CDBD7370001B797 /* Release */ = {
			isa = XCBuildConfiguration;
			buildSettings = {
				PRODUCT_NAME = "$(TARGET_NAME)";
			};
			name = Release;
		};
/* End XCBuildConfiguration section */

/* Begin XCConfigurationList section */
		5974B0841CDBD7370001B797 /* Build configuration list for PBXProject "SensorCases" */ = {
			isa = XCConfigurationList;
			buildConfigurations = (
				5974B08E1CDBD7370001B797 /* Debug */,
				5974B08F1CDBD7370001B797 /* Release */,
			);
			defaultConfigurationIsVisible = 0;
			defaultConfigurationName = Release;
		};
		5974B0901CDBD7370001B797 /* Build configuration list for PBXNativeTarget "SensorCases" */ = {
			isa = XCConfigurationList;
			buildConfigurations = (
				5974B0911CDBD7370001B797 /* Debug */,
				5974B0921CDBD7370001B797 /* Release */,
			);
			defaultConfigurationIsVisible = 0;
			defaultConfigurationName = Release;
		};
/* End XCConfigurationList section */
	};
	rootObject = 5974B0811CDBD7370001B797 /* Project object */;
}
